
Microsoft Visual Studio Solution File, Format Version 12.00
# Visual Studio Version 17
VisualStudioVersion = 17.10.35122.118
MinimumVisualStudioVersion = 10.0.40219.1
Project("{FAE04EC0-301F-11D3-BF4B-00C04F79EFBC}") = "SchoolManagement", "SchoolManagement\SchoolManagement.csproj", "{E0EB4D3F-7DD2-4140-8EA6-70A32FA2AC21}"
EndProject
Global
	GlobalSection(SolutionConfigurationPlatforms) = preSolution
		Debug|Any CPU = Debug|Any CPU
		Release|Any CPU = Release|Any CPU
	EndGlobalSection
	GlobalSection(ProjectConfigurationPlatforms) = postSolution
		{E0EB4D3F-7DD2-4140-8EA6-70A32FA2AC21}.Debug|Any CPU.ActiveCfg = Debug|Any CPU
		{E0EB4D3F-7DD2-4140-8EA6-70A32FA2AC21}.Debug|Any CPU.Build.0 = Debug|Any CPU
		{E0EB4D3F-7DD2-4140-8EA6-70A32FA2AC21}.Release|Any CPU.ActiveCfg = Release|Any CPU
		{E0EB4D3F-7DD2-4140-8EA6-70A32FA2AC21}.Release|Any CPU.Build.0 = Release|Any CPU
	EndGlobalSection
	GlobalSection(SolutionProperties) = preSolution
		HideSolutionNode = FALSE
	EndGlobalSection
	GlobalSection(ExtensibilityGlobals) = postSolution
		SolutionGuid = {4DF22555-2782-4309-9E01-2361C02D3366}
	EndGlobalSection
EndGlobal
